
Microsoft Visual Studio Solution File, Format Version 12.00
# Visual Studio 15
VisualStudioVersion = 15.0.28307.421
MinimumVisualStudioVersion = 10.0.40219.1
Project("{F184B08F-C81C-45F6-A57F-5ABD9991F28F}") = "TextEditor", "TextEditor\TextEditor.vbproj", "{E221F511-8025-4164-B37A-EB94F3946F53}"
EndProject
Global
	GlobalSection(SolutionConfigurationPlatforms) = preSolution
		Debug|Any CPU = Debug|Any CPU
		Release|Any CPU = Release|Any CPU
	EndGlobalSection
	GlobalSection(ProjectConfigurationPlatforms) = postSolution
		{E221F511-8025-4164-B37A-EB94F3946F53}.Debug|Any CPU.ActiveCfg = Debug|Any CPU
		{E221F511-8025-4164-B37A-EB94F3946F53}.Debug|Any CPU.Build.0 = Debug|Any CPU
		{E221F511-8025-4164-B37A-EB94F3946F53}.Release|Any CPU.ActiveCfg = Release|Any CPU
		{E221F511-8025-4164-B37A-EB94F3946F53}.Release|Any CPU.Build.0 = Release|Any CPU
	EndGlobalSection
	GlobalSection(SolutionProperties) = preSolution
		HideSolutionNode = FALSE
	EndGlobalSection
	GlobalSection(ExtensibilityGlobals) = postSolution
		SolutionGuid = {A2195AE2-830A-43D8-AFBC-F5BAA3DFDAC9}
	EndGlobalSection
EndGlobal
